
Microsoft Visual Studio Solution File, Format Version 12.00
# Visual Studio Version 17
VisualStudioVersion = 17.0.31903.59
MinimumVisualStudioVersion = 10.0.40219.1
Project("{9A19103F-16F7-4668-BE54-9A1E7A4F7556}") = "sahm.Server", "sahm\Server\sahm.Server.csproj", "{534CA52D-4ECA-41A9-88C0-C4C64634D10E}"
EndProject
Project("{9A19103F-16F7-4668-BE54-9A1E7A4F7556}") = "sahm.Client", "sahm\Client\sahm.Client.csproj", "{BD82C13D-88DD-4E99-8419-21E89F6EBF0E}"
EndProject
Project("{9A19103F-16F7-4668-BE54-9A1E7A4F7556}") = "sahm.Shared", "sahm\Shared\sahm.Shared.csproj", "{0D9196A2-BD6A-4773-BA0D-BAFFE1299E95}"
EndProject
Global
	GlobalSection(SolutionConfigurationPlatforms) = preSolution
		Debug|Any CPU = Debug|Any CPU
		Release|Any CPU = Release|Any CPU
	EndGlobalSection
	GlobalSection(ProjectConfigurationPlatforms) = postSolution
		{534CA52D-4ECA-41A9-88C0-C4C64634D10E}.Debug|Any CPU.ActiveCfg = Debug|Any CPU
		{534CA52D-4ECA-41A9-88C0-C4C64634D10E}.Debug|Any CPU.Build.0 = Debug|Any CPU
		{534CA52D-4ECA-41A9-88C0-C4C64634D10E}.Release|Any CPU.ActiveCfg = Release|Any CPU
		{534CA52D-4ECA-41A9-88C0-C4C64634D10E}.Release|Any CPU.Build.0 = Release|Any CPU
		{BD82C13D-88DD-4E99-8419-21E89F6EBF0E}.Debug|Any CPU.ActiveCfg = Debug|Any CPU
		{BD82C13D-88DD-4E99-8419-21E89F6EBF0E}.Debug|Any CPU.Build.0 = Debug|Any CPU
		{BD82C13D-88DD-4E99-8419-21E89F6EBF0E}.Release|Any CPU.ActiveCfg = Release|Any CPU
		{BD82C13D-88DD-4E99-8419-21E89F6EBF0E}.Release|Any CPU.Build.0 = Release|Any CPU
		{0D9196A2-BD6A-4773-BA0D-BAFFE1299E95}.Debug|Any CPU.ActiveCfg = Debug|Any CPU
		{0D9196A2-BD6A-4773-BA0D-BAFFE1299E95}.Debug|Any CPU.Build.0 = Debug|Any CPU
		{0D9196A2-BD6A-4773-BA0D-BAFFE1299E95}.Release|Any CPU.ActiveCfg = Release|Any CPU
		{0D9196A2-BD6A-4773-BA0D-BAFFE1299E95}.Release|Any CPU.Build.0 = Release|Any CPU
	EndGlobalSection
	GlobalSection(SolutionProperties) = preSolution
		HideSolutionNode = FALSE
	EndGlobalSection
	GlobalSection(ExtensibilityGlobals) = postSolution
		SolutionGuid = {6E53CCF8-AF3E-4C9F-971C-D6B5395F7257}
	EndGlobalSection
EndGlobal
